
Microsoft Visual Studio Solution File, Format Version 12.00
# Visual Studio Version 17
VisualStudioVersion = 17.12.35527.113
MinimumVisualStudioVersion = 10.0.40219.1
Project("{FAE04EC0-301F-11D3-BF4B-00C04F79EFBC}") = "UTaskManager", "UTaskManager\UTaskManager.csproj", "{4F12D246-F672-4509-85F2-CAC7436EFBBE}"
EndProject
Project("{FAE04EC0-301F-11D3-BF4B-00C04F79EFBC}") = "Contracts", "Contracts\Contracts.csproj", "{A278E5FC-2DCE-49D2-9661-BEB0B2FA813E}"
EndProject
Project("{FAE04EC0-301F-11D3-BF4B-00C04F79EFBC}") = "LoggerService", "LoggerService\LoggerService.csproj", "{DF12136D-1EC4-4DF6-B937-F4D4E554F2D7}"
EndProject
Project("{FAE04EC0-301F-11D3-BF4B-00C04F79EFBC}") = "Entities", "Entities\Entities.csproj", "{3443572E-9A67-40E1-9440-A3D341F733E2}"
EndProject
Project("{FAE04EC0-301F-11D3-BF4B-00C04F79EFBC}") = "Repository", "Repository\Repository.csproj", "{CFD2F0BA-3F62-4FCA-8D4D-6C0C95D857F4}"
EndProject
Project("{FAE04EC0-301F-11D3-BF4B-00C04F79EFBC}") = "Service.Contracts", "Service.Contracts\Service.Contracts.csproj", "{D9354684-0949-413D-91FA-9EFCC9BBF32E}"
EndProject
Project("{FAE04EC0-301F-11D3-BF4B-00C04F79EFBC}") = "Service", "Service\Service.csproj", "{7AB8F221-3738-4910-8F7C-D342131FC2A4}"
EndProject
Project("{FAE04EC0-301F-11D3-BF4B-00C04F79EFBC}") = "UTaskManager.Presentation", "UTaskManager.Presentation\UTaskManager.Presentation.csproj", "{9ABF789D-EA87-4A28-B0B6-0BEBFC5A64E9}"
EndProject
Project("{FAE04EC0-301F-11D3-BF4B-00C04F79EFBC}") = "Shared", "Shared\Shared.csproj", "{37944017-C234-43B9-A86A-45756CE3F122}"
EndProject
Global
	GlobalSection(SolutionConfigurationPlatforms) = preSolution
		Debug|Any CPU = Debug|Any CPU
		Release|Any CPU = Release|Any CPU
	EndGlobalSection
	GlobalSection(ProjectConfigurationPlatforms) = postSolution
		{4F12D246-F672-4509-85F2-CAC7436EFBBE}.Debug|Any CPU.ActiveCfg = Debug|Any CPU
		{4F12D246-F672-4509-85F2-CAC7436EFBBE}.Debug|Any CPU.Build.0 = Debug|Any CPU
		{4F12D246-F672-4509-85F2-CAC7436EFBBE}.Release|Any CPU.ActiveCfg = Release|Any CPU
		{4F12D246-F672-4509-85F2-CAC7436EFBBE}.Release|Any CPU.Build.0 = Release|Any CPU
		{A278E5FC-2DCE-49D2-9661-BEB0B2FA813E}.Debug|Any CPU.ActiveCfg = Debug|Any CPU
		{A278E5FC-2DCE-49D2-9661-BEB0B2FA813E}.Debug|Any CPU.Build.0 = Debug|Any CPU
		{A278E5FC-2DCE-49D2-9661-BEB0B2FA813E}.Release|Any CPU.ActiveCfg = Release|Any CPU
		{A278E5FC-2DCE-49D2-9661-BEB0B2FA813E}.Release|Any CPU.Build.0 = Release|Any CPU
		{DF12136D-1EC4-4DF6-B937-F4D4E554F2D7}.Debug|Any CPU.ActiveCfg = Debug|Any CPU
		{DF12136D-1EC4-4DF6-B937-F4D4E554F2D7}.Debug|Any CPU.Build.0 = Debug|Any CPU
		{DF12136D-1EC4-4DF6-B937-F4D4E554F2D7}.Release|Any CPU.ActiveCfg = Release|Any CPU
		{DF12136D-1EC4-4DF6-B937-F4D4E554F2D7}.Release|Any CPU.Build.0 = Release|Any CPU
		{3443572E-9A67-40E1-9440-A3D341F733E2}.Debug|Any CPU.ActiveCfg = Debug|Any CPU
		{3443572E-9A67-40E1-9440-A3D341F733E2}.Debug|Any CPU.Build.0 = Debug|Any CPU
		{3443572E-9A67-40E1-9440-A3D341F733E2}.Release|Any CPU.ActiveCfg = Release|Any CPU
		{3443572E-9A67-40E1-9440-A3D341F733E2}.Release|Any CPU.Build.0 = Release|Any CPU
		{CFD2F0BA-3F62-4FCA-8D4D-6C0C95D857F4}.Debug|Any CPU.ActiveCfg = Debug|Any CPU
		{CFD2F0BA-3F62-4FCA-8D4D-6C0C95D857F4}.Debug|Any CPU.Build.0 = Debug|Any CPU
		{CFD2F0BA-3F62-4FCA-8D4D-6C0C95D857F4}.Release|Any CPU.ActiveCfg = Release|Any CPU
		{CFD2F0BA-3F62-4FCA-8D4D-6C0C95D857F4}.Release|Any CPU.Build.0 = Release|Any CPU
		{D9354684-0949-413D-91FA-9EFCC9BBF32E}.Debug|Any CPU.ActiveCfg = Debug|Any CPU
		{D9354684-0949-413D-91FA-9EFCC9BBF32E}.Debug|Any CPU.Build.0 = Debug|Any CPU
		{D9354684-0949-413D-91FA-9EFCC9BBF32E}.Release|Any CPU.ActiveCfg = Release|Any CPU
		{D9354684-0949-413D-91FA-9EFCC9BBF32E}.Release|Any CPU.Build.0 = Release|Any CPU
		{7AB8F221-3738-4910-8F7C-D342131FC2A4}.Debug|Any CPU.ActiveCfg = Debug|Any CPU
		{7AB8F221-3738-4910-8F7C-D342131FC2A4}.Debug|Any CPU.Build.0 = Debug|Any CPU
		{7AB8F221-3738-4910-8F7C-D342131FC2A4}.Release|Any CPU.ActiveCfg = Release|Any CPU
		{7AB8F221-3738-4910-8F7C-D342131FC2A4}.Release|Any CPU.Build.0 = Release|Any CPU
		{9ABF789D-EA87-4A28-B0B6-0BEBFC5A64E9}.Debug|Any CPU.ActiveCfg = Debug|Any CPU
		{9ABF789D-EA87-4A28-B0B6-0BEBFC5A64E9}.Debug|Any CPU.Build.0 = Debug|Any CPU
		{9ABF789D-EA87-4A28-B0B6-0BEBFC5A64E9}.Release|Any CPU.ActiveCfg = Release|Any CPU
		{9ABF789D-EA87-4A28-B0B6-0BEBFC5A64E9}.Release|Any CPU.Build.0 = Release|Any CPU
		{37944017-C234-43B9-A86A-45756CE3F122}.Debug|Any CPU.ActiveCfg = Debug|Any CPU
		{37944017-C234-43B9-A86A-45756CE3F122}.Debug|Any CPU.Build.0 = Debug|Any CPU
		{37944017-C234-43B9-A86A-45756CE3F122}.Release|Any CPU.ActiveCfg = Release|Any CPU
		{37944017-C234-43B9-A86A-45756CE3F122}.Release|Any CPU.Build.0 = Release|Any CPU
	EndGlobalSection
	GlobalSection(SolutionProperties) = preSolution
		HideSolutionNode = FALSE
	EndGlobalSection
EndGlobal
